
Microsoft Visual Studio Solution File, Format Version 12.00
# Visual Studio 14
VisualStudioVersion = 14.0.25420.1
MinimumVisualStudioVersion = 10.0.40219.1
Project("{8BC9CEB8-8B4A-11D0-8D11-00A0C91BC942}") = "ButtonWrapper", "ButtonWrapper\ButtonWrapper.vcxproj", "{B1AA6C11-D017-4E6D-BCB0-1CB1412A0AF6}"
EndProject
Project("{8BC9CEB8-8B4A-11D0-8D11-00A0C91BC942}") = "WButtonStaticDLL", "WButtonStaticDLL\WButtonStaticDLL.vcxproj", "{FA8BD953-6693-4789-A375-44521C856B9F}"
EndProject
Project("{8BC9CEB8-8B4A-11D0-8D11-00A0C91BC942}") = "WButtonStaticLinkage", "WButtonStaticLinkage\WButtonStaticLinkage.vcxproj", "{3F07EC11-0BE8-45CF-B7DF-D3EB6381E479}"
EndProject
Project("{8BC9CEB8-8B4A-11D0-8D11-00A0C91BC942}") = "WButtonDynamicLinkage", "WButtonDynamicLinkage\WButtonDynamicLinkage.vcxproj", "{5C2C1068-D127-47EC-B852-F1F4F01D6B07}"
EndProject
Project("{8BC9CEB8-8B4A-11D0-8D11-00A0C91BC942}") = "WButtonDynamicDLL", "WButtonDynamicDLL\WButtonDynamicDLL.vcxproj", "{4FB94618-9607-4937-9684-C7D57AE71B6C}"
EndProject
Global
	GlobalSection(SolutionConfigurationPlatforms) = preSolution
		Debug|x64 = Debug|x64
		Debug|x86 = Debug|x86
		Release|x64 = Release|x64
		Release|x86 = Release|x86
	EndGlobalSection
	GlobalSection(ProjectConfigurationPlatforms) = postSolution
		{B1AA6C11-D017-4E6D-BCB0-1CB1412A0AF6}.Debug|x64.ActiveCfg = Debug|x64
		{B1AA6C11-D017-4E6D-BCB0-1CB1412A0AF6}.Debug|x64.Build.0 = Debug|x64
		{B1AA6C11-D017-4E6D-BCB0-1CB1412A0AF6}.Debug|x86.ActiveCfg = Debug|Win32
		{B1AA6C11-D017-4E6D-BCB0-1CB1412A0AF6}.Debug|x86.Build.0 = Debug|Win32
		{B1AA6C11-D017-4E6D-BCB0-1CB1412A0AF6}.Release|x64.ActiveCfg = Release|x64
		{B1AA6C11-D017-4E6D-BCB0-1CB1412A0AF6}.Release|x64.Build.0 = Release|x64
		{B1AA6C11-D017-4E6D-BCB0-1CB1412A0AF6}.Release|x86.ActiveCfg = Release|Win32
		{B1AA6C11-D017-4E6D-BCB0-1CB1412A0AF6}.Release|x86.Build.0 = Release|Win32
		{FA8BD953-6693-4789-A375-44521C856B9F}.Debug|x64.ActiveCfg = Debug|x64
		{FA8BD953-6693-4789-A375-44521C856B9F}.Debug|x64.Build.0 = Debug|x64
		{FA8BD953-6693-4789-A375-44521C856B9F}.Debug|x86.ActiveCfg = Debug|Win32
		{FA8BD953-6693-4789-A375-44521C856B9F}.Debug|x86.Build.0 = Debug|Win32
		{FA8BD953-6693-4789-A375-44521C856B9F}.Release|x64.ActiveCfg = Release|x64
		{FA8BD953-6693-4789-A375-44521C856B9F}.Release|x64.Build.0 = Release|x64
		{FA8BD953-6693-4789-A375-44521C856B9F}.Release|x86.ActiveCfg = Release|Win32
		{FA8BD953-6693-4789-A375-44521C856B9F}.Release|x86.Build.0 = Release|Win32
		{3F07EC11-0BE8-45CF-B7DF-D3EB6381E479}.Debug|x64.ActiveCfg = Debug|x64
		{3F07EC11-0BE8-45CF-B7DF-D3EB6381E479}.Debug|x64.Build.0 = Debug|x64
		{3F07EC11-0BE8-45CF-B7DF-D3EB6381E479}.Debug|x86.ActiveCfg = Debug|Win32
		{3F07EC11-0BE8-45CF-B7DF-D3EB6381E479}.Debug|x86.Build.0 = Debug|Win32
		{3F07EC11-0BE8-45CF-B7DF-D3EB6381E479}.Release|x64.ActiveCfg = Release|x64
		{3F07EC11-0BE8-45CF-B7DF-D3EB6381E479}.Release|x64.Build.0 = Release|x64
		{3F07EC11-0BE8-45CF-B7DF-D3EB6381E479}.Release|x86.ActiveCfg = Release|Win32
		{3F07EC11-0BE8-45CF-B7DF-D3EB6381E479}.Release|x86.Build.0 = Release|Win32
		{5C2C1068-D127-47EC-B852-F1F4F01D6B07}.Debug|x64.ActiveCfg = Debug|x64
		{5C2C1068-D127-47EC-B852-F1F4F01D6B07}.Debug|x64.Build.0 = Debug|x64
		{5C2C1068-D127-47EC-B852-F1F4F01D6B07}.Debug|x86.ActiveCfg = Debug|Win32
		{5C2C1068-D127-47EC-B852-F1F4F01D6B07}.Debug|x86.Build.0 = Debug|Win32
		{5C2C1068-D127-47EC-B852-F1F4F01D6B07}.Release|x64.ActiveCfg = Release|x64
		{5C2C1068-D127-47EC-B852-F1F4F01D6B07}.Release|x64.Build.0 = Release|x64
		{5C2C1068-D127-47EC-B852-F1F4F01D6B07}.Release|x86.ActiveCfg = Release|Win32
		{5C2C1068-D127-47EC-B852-F1F4F01D6B07}.Release|x86.Build.0 = Release|Win32
		{4FB94618-9607-4937-9684-C7D57AE71B6C}.Debug|x64.ActiveCfg = Debug|x64
		{4FB94618-9607-4937-9684-C7D57AE71B6C}.Debug|x64.Build.0 = Debug|x64
		{4FB94618-9607-4937-9684-C7D57AE71B6C}.Debug|x86.ActiveCfg = Debug|Win32
		{4FB94618-9607-4937-9684-C7D57AE71B6C}.Debug|x86.Build.0 = Debug|Win32
		{4FB94618-9607-4937-9684-C7D57AE71B6C}.Release|x64.ActiveCfg = Release|x64
		{4FB94618-9607-4937-9684-C7D57AE71B6C}.Release|x64.Build.0 = Release|x64
		{4FB94618-9607-4937-9684-C7D57AE71B6C}.Release|x86.ActiveCfg = Release|Win32
		{4FB94618-9607-4937-9684-C7D57AE71B6C}.Release|x86.Build.0 = Release|Win32
	EndGlobalSection
	GlobalSection(SolutionProperties) = preSolution
		HideSolutionNode = FALSE
	EndGlobalSection
EndGlobal
